
Microsoft Visual Studio Solution File, Format Version 12.00
# Visual Studio Version 17
VisualStudioVersion = 17.9.34607.119
MinimumVisualStudioVersion = 10.0.40219.1
Project("{FAE04EC0-301F-11D3-BF4B-00C04F79EFBC}") = "Labsheet3", "Labsheet3\Labsheet3.csproj", "{D6ACD40A-F5A8-4CB3-829F-D180D0D9D8E9}"
EndProject
Project("{FAE04EC0-301F-11D3-BF4B-00C04F79EFBC}") = "labsheet3_que2", "labsheet3_que2\labsheet3_que2.csproj", "{4B25FFEE-D238-4EB3-A7F9-397EB8B328A6}"
EndProject
Project("{FAE04EC0-301F-11D3-BF4B-00C04F79EFBC}") = "Practicing_constructors", "Practicing_constructors\Practicing_constructors.csproj", "{62057FB7-AB30-400C-9D4C-A9D14E2846FB}"
EndProject
Project("{FAE04EC0-301F-11D3-BF4B-00C04F79EFBC}") = "Labsheet3_que1", "Labsheet3_que1\Labsheet3_que1.csproj", "{D53060F0-7513-4AD8-8347-526FF7321BF5}"
EndProject
Project("{FAE04EC0-301F-11D3-BF4B-00C04F79EFBC}") = "labsheet3_que3", "labsheet3_que3\labsheet3_que3.csproj", "{9B752744-574D-413B-9E2A-7701ABD19DC6}"
EndProject
Global
	GlobalSection(SolutionConfigurationPlatforms) = preSolution
		Debug|Any CPU = Debug|Any CPU
		Release|Any CPU = Release|Any CPU
	EndGlobalSection
	GlobalSection(ProjectConfigurationPlatforms) = postSolution
		{D6ACD40A-F5A8-4CB3-829F-D180D0D9D8E9}.Debug|Any CPU.ActiveCfg = Debug|Any CPU
		{D6ACD40A-F5A8-4CB3-829F-D180D0D9D8E9}.Debug|Any CPU.Build.0 = Debug|Any CPU
		{D6ACD40A-F5A8-4CB3-829F-D180D0D9D8E9}.Release|Any CPU.ActiveCfg = Release|Any CPU
		{D6ACD40A-F5A8-4CB3-829F-D180D0D9D8E9}.Release|Any CPU.Build.0 = Release|Any CPU
		{4B25FFEE-D238-4EB3-A7F9-397EB8B328A6}.Debug|Any CPU.ActiveCfg = Debug|Any CPU
		{4B25FFEE-D238-4EB3-A7F9-397EB8B328A6}.Debug|Any CPU.Build.0 = Debug|Any CPU
		{4B25FFEE-D238-4EB3-A7F9-397EB8B328A6}.Release|Any CPU.ActiveCfg = Release|Any CPU
		{4B25FFEE-D238-4EB3-A7F9-397EB8B328A6}.Release|Any CPU.Build.0 = Release|Any CPU
		{62057FB7-AB30-400C-9D4C-A9D14E2846FB}.Debug|Any CPU.ActiveCfg = Debug|Any CPU
		{62057FB7-AB30-400C-9D4C-A9D14E2846FB}.Debug|Any CPU.Build.0 = Debug|Any CPU
		{62057FB7-AB30-400C-9D4C-A9D14E2846FB}.Release|Any CPU.ActiveCfg = Release|Any CPU
		{62057FB7-AB30-400C-9D4C-A9D14E2846FB}.Release|Any CPU.Build.0 = Release|Any CPU
		{D53060F0-7513-4AD8-8347-526FF7321BF5}.Debug|Any CPU.ActiveCfg = Debug|Any CPU
		{D53060F0-7513-4AD8-8347-526FF7321BF5}.Debug|Any CPU.Build.0 = Debug|Any CPU
		{D53060F0-7513-4AD8-8347-526FF7321BF5}.Release|Any CPU.ActiveCfg = Release|Any CPU
		{D53060F0-7513-4AD8-8347-526FF7321BF5}.Release|Any CPU.Build.0 = Release|Any CPU
		{9B752744-574D-413B-9E2A-7701ABD19DC6}.Debug|Any CPU.ActiveCfg = Debug|Any CPU
		{9B752744-574D-413B-9E2A-7701ABD19DC6}.Debug|Any CPU.Build.0 = Debug|Any CPU
		{9B752744-574D-413B-9E2A-7701ABD19DC6}.Release|Any CPU.ActiveCfg = Release|Any CPU
		{9B752744-574D-413B-9E2A-7701ABD19DC6}.Release|Any CPU.Build.0 = Release|Any CPU
	EndGlobalSection
	GlobalSection(SolutionProperties) = preSolution
		HideSolutionNode = FALSE
	EndGlobalSection
	GlobalSection(ExtensibilityGlobals) = postSolution
		SolutionGuid = {050EEB7E-556B-4157-AE0E-90D5D1C60C54}
	EndGlobalSection
EndGlobal
